{
    "_meta": {
        "hash": {
            "sha256": "c612534a6d3e7a1183319d5147df8c05eb52b890e04e23485b2a673d483259b8"
        },
        "pipfile-spec": 6,
        "requires": {
            "python_version": "3.9"
        },
        "sources": [
            {
                "name": "pypi",
                "url": "https://pypi.org/simple",
                "verify_ssl": true
            }
        ]
    },
    "default": {},
    "develop": {}
}
